<?xml version="1.0" encoding="utf-8"?>
<Project ToolsVersion="4.0" xmlns="http://schemas.microsoft.com/developer/msbuild/2003">
  <ItemGroup>
    <Filter Include="Header Files">
      <UniqueIdentifier>{67DA6AB6-F800-4c08-8B7A-83BB121AAD01}</UniqueIdentifier>
      <Extensions>rc;ico;cur;bmp;dlg;rc2;rct;bin;rgs;gif;jpg;jpeg;jpe;resx;tiff;tif;png;wav;mfcribbon-ms</Extensions>
    </Filter>
    <Filter Include="Source Files">
      <UniqueIdentifier>{4FC737F1-C7A5-4376-A066-2A32D752A2FF}</UniqueIdentifier>
      <Extensions>cpp;c;cc;cxx;def;odl;idl;hpj;bat;asm;asmx</Extensions>
    </Filter>
    <Filter Include="Source Files\animation">
      <UniqueIdentifier>{02afee1d-78c1-4158-ac52-e447c02d5c3f}</UniqueIdentifier>
    </Filter>
    <Filter Include="Source Files\armature">
      <UniqueIdentifier>{e3f6131b-3a9c-480e-9af0-a8ec1cd4231d}</UniqueIdentifier>
    </Filter>
    <Filter Include="Source Files\core">
      <UniqueIdentifier>{73853265-096c-41e5-b418-0c94ad2011bd}</UniqueIdentifier>
    </Filter>
    <Filter Include="Source Files\event">
      <UniqueIdentifier>{e5750f4c-5b1c-47e6-9268-cbd684eaba18}</UniqueIdentifier>
    </Filter>
    <Filter Include="Source Files\factory">
      <UniqueIdentifier>{45b324d2-dffa-417d-8678-a8bcc3a25f60}</UniqueIdentifier>
    </Filter>
    <Filter Include="Source Files\geom">
      <UniqueIdentifier>{e8752ee7-95cd-4d91-96ec-851dc89395ff}</UniqueIdentifier>
    </Filter>
    <Filter Include="Source Files\model">
      <UniqueIdentifier>{8ca4944f-99e6-40ef-abb2-ebd560eb2df7}</UniqueIdentifier>
    </Filter>
    <Filter Include="Source Files\parser">
      <UniqueIdentifier>{f5699d99-8bdf-424b-8214-3442291563e0}</UniqueIdentifier>
    </Filter>
  </ItemGroup>
  <ItemGroup>
    <ClCompile Include="..\CCArmatureDisplay.cpp">
      <Filter>Source Files</Filter>
    </ClCompile>
    <ClCompile Include="..\CCFactory.cpp">
      <Filter>Source Files</Filter>
    </ClCompile>
    <ClCompile Include="..\CCSlot.cpp">
      <Filter>Source Files</Filter>
    </ClCompile>
    <ClCompile Include="..\CCTextureAtlasData.cpp">
      <Filter>Source Files</Filter>
    </ClCompile>
    <ClCompile Include="..\animation\Animation.cpp">
      <Filter>Source Files\animation</Filter>
    </ClCompile>
    <ClCompile Include="..\animation\AnimationState.cpp">
      <Filter>Source Files\animation</Filter>
    </ClCompile>
    <ClCompile Include="..\animation\BaseTimelineState.cpp">
      <Filter>Source Files\animation</Filter>
    </ClCompile>
    <ClCompile Include="..\animation\TimelineState.cpp">
      <Filter>Source Files\animation</Filter>
    </ClCompile>
    <ClCompile Include="..\animation\WorldClock.cpp">
      <Filter>Source Files\animation</Filter>
    </ClCompile>
    <ClCompile Include="..\armature\Armature.cpp">
      <Filter>Source Files\armature</Filter>
    </ClCompile>
    <ClCompile Include="..\armature\Bone.cpp">
      <Filter>Source Files\armature</Filter>
    </ClCompile>
    <ClCompile Include="..\armature\Constraint.cpp">
      <Filter>Source Files\armature</Filter>
    </ClCompile>
    <ClCompile Include="..\armature\DeformVertices.cpp">
      <Filter>Source Files\armature</Filter>
    </ClCompile>
    <ClCompile Include="..\armature\Slot.cpp">
      <Filter>Source Files\armature</Filter>
    </ClCompile>
    <ClCompile Include="..\armature\TransformObject.cpp">
      <Filter>Source Files\armature</Filter>
    </ClCompile>
    <ClCompile Include="..\core\BaseObject.cpp">
      <Filter>Source Files\core</Filter>
    </ClCompile>
    <ClCompile Include="..\core\DragonBones.cpp">
      <Filter>Source Files\core</Filter>
    </ClCompile>
    <ClCompile Include="..\event\EventObject.cpp">
      <Filter>Source Files\event</Filter>
    </ClCompile>
    <ClCompile Include="..\factory\BaseFactory.cpp">
      <Filter>Source Files\factory</Filter>
    </ClCompile>
    <ClCompile Include="..\geom\Point.cpp">
      <Filter>Source Files\geom</Filter>
    </ClCompile>
    <ClCompile Include="..\geom\Transform.cpp">
      <Filter>Source Files\geom</Filter>
    </ClCompile>
    <ClCompile Include="..\model\AnimationConfig.cpp">
      <Filter>Source Files\model</Filter>
    </ClCompile>
    <ClCompile Include="..\model\AnimationData.cpp">
      <Filter>Source Files\model</Filter>
    </ClCompile>
    <ClCompile Include="..\model\ArmatureData.cpp">
      <Filter>Source Files\model</Filter>
    </ClCompile>
    <ClCompile Include="..\model\BoundingBoxData.cpp">
      <Filter>Source Files\model</Filter>
    </ClCompile>
    <ClCompile Include="..\model\CanvasData.cpp">
      <Filter>Source Files\model</Filter>
    </ClCompile>
    <ClCompile Include="..\model\ConstraintData.cpp">
      <Filter>Source Files\model</Filter>
    </ClCompile>
    <ClCompile Include="..\model\DisplayData.cpp">
      <Filter>Source Files\model</Filter>
    </ClCompile>
    <ClCompile Include="..\model\DragonBonesData.cpp">
      <Filter>Source Files\model</Filter>
    </ClCompile>
    <ClCompile Include="..\model\SkinData.cpp">
      <Filter>Source Files\model</Filter>
    </ClCompile>
    <ClCompile Include="..\model\TextureAtlasData.cpp">
      <Filter>Source Files\model</Filter>
    </ClCompile>
    <ClCompile Include="..\model\UserData.cpp">
      <Filter>Source Files\model</Filter>
    </ClCompile>
    <ClCompile Include="..\parser\BinaryDataParser.cpp">
      <Filter>Source Files\parser</Filter>
    </ClCompile>
    <ClCompile Include="..\parser\DataParser.cpp">
      <Filter>Source Files\parser</Filter>
    </ClCompile>
    <ClCompile Include="..\parser\JSONDataParser.cpp">
      <Filter>Source Files\parser</Filter>
    </ClCompile>
  </ItemGroup>
</Project>